
Microsoft Visual Studio Solution File, Format Version 12.00
# Visual Studio Version 17
VisualStudioVersion = 17.0.31912.275
MinimumVisualStudioVersion = 10.0.40219.1
Project("{FAE04EC0-301F-11D3-BF4B-00C04F79EFBC}") = "AdventOfCode2021", "2021/AdventOfCode2021.csproj", "{2328DE32-9D8E-4595-B4DF-5A2E63332292}"
EndProject
Global
	GlobalSection(SolutionConfigurationPlatforms) = preSolution
		Debug|Any CPU = Debug|Any CPU
		Release|Any CPU = Release|Any CPU
	EndGlobalSection
	GlobalSection(ProjectConfigurationPlatforms) = postSolution
		{2328DE32-9D8E-4595-B4DF-5A2E63332292}.Debug|Any CPU.ActiveCfg = Debug|Any CPU
		{2328DE32-9D8E-4595-B4DF-5A2E63332292}.Debug|Any CPU.Build.0 = Debug|Any CPU
		{2328DE32-9D8E-4595-B4DF-5A2E63332292}.Release|Any CPU.ActiveCfg = Release|Any CPU
		{2328DE32-9D8E-4595-B4DF-5A2E63332292}.Release|Any CPU.Build.0 = Release|Any CPU
	EndGlobalSection
	GlobalSection(SolutionProperties) = preSolution
		HideSolutionNode = FALSE
	EndGlobalSection
	GlobalSection(ExtensibilityGlobals) = postSolution
		SolutionGuid = {7778DBBF-5EBA-4EAB-8A87-B80B0CE4F1BC}
	EndGlobalSection
EndGlobal
